// !$*UTF8*$!
{
	archiveVersion = 1;
	classes = {
	};
	objectVersion = 56;
	objects = {

/* Begin PBXBuildFile section */
		ABFC7B292BC4F2C30075FDB1 /* AppDelegate.swift in Sources */ = {isa = PBXBuildFile; fileRef = ABFC7B282BC4F2C30075FDB1 /* AppDelegate.swift */; };
		ABFC7B2B2BC4F2C30075FDB1 /* SceneDelegate.swift in Sources */ = {isa = PBXBuildFile; fileRef = ABFC7B2A2BC4F2C30075FDB1 /* SceneDelegate.swift */; };
		ABFC7B2D2BC4F2C30075FDB1 /* ViewController.swift in Sources */ = {isa = PBXBuildFile; fileRef = ABFC7B2C2BC4F2C30075FDB1 /* ViewController.swift */; };
		ABFC7B302BC4F2C30075FDB1 /* Base in Resources */ = {isa = PBXBuildFile; fileRef = ABFC7B2F2BC4F2C30075FDB1 /* Base */; };
		ABFC7B322BC4F2C50075FDB1 /* Assets.xcassets in Resources */ = {isa = PBXBuildFile; fileRef = ABFC7B312BC4F2C50075FDB1 /* Assets.xcassets */; };
		ABFC7B352BC4F2C50075FDB1 /* Base in Resources */ = {isa = PBXBuildFile; fileRef = ABFC7B342BC4F2C50075FDB1 /* Base */; };
		ABFC7B422BC511EB0075FDB1 /* RepoTableViewCell.swift in Sources */ = {isa = PBXBuildFile; fileRef = ABFC7B402BC511EB0075FDB1 /* RepoTableViewCell.swift */; };
		ABFC7B432BC511EB0075FDB1 /* RepoTableViewCell.xib in Resources */ = {isa = PBXBuildFile; fileRef = ABFC7B412BC511EB0075FDB1 /* RepoTableViewCell.xib */; };
		ABFC7B452BC518070075FDB1 /* Repo.swift in Sources */ = {isa = PBXBuildFile; fileRef = ABFC7B442BC518070075FDB1 /* Repo.swift */; };
/* End PBXBuildFile section */

/* Begin PBXFileReference section */
		ABFC7B252BC4F2C30075FDB1 /* GitHubProfile.app */ = {isa = PBXFileReference; explicitFileType = wrapper.application; includeInIndex = 0; path = GitHubProfile.app; sourceTree = BUILT_PRODUCTS_DIR; };
		ABFC7B282BC4F2C30075FDB1 /* AppDelegate.swift */ = {isa = PBXFileReference; lastKnownFileType = sourcecode.swift; path = AppDelegate.swift; sourceTree = "<group>"; };
		ABFC7B2A2BC4F2C30075FDB1 /* SceneDelegate.swift */ = {isa = PBXFileReference; lastKnownFileType = sourcecode.swift; path = SceneDelegate.swift; sourceTree = "<group>"; };
		ABFC7B2C2BC4F2C30075FDB1 /* ViewController.swift */ = {isa = PBXFileReference; lastKnownFileType = sourcecode.swift; path = ViewController.swift; sourceTree = "<group>"; };
		ABFC7B2F2BC4F2C30075FDB1 /* Base */ = {isa = PBXFileReference; lastKnownFileType = file.storyboard; name = Base; path = Base.lproj/Main.storyboard; sourceTree = "<group>"; };
		ABFC7B312BC4F2C50075FDB1 /* Assets.xcassets */ = {isa = PBXFileReference; lastKnownFileType = folder.assetcatalog; path = Assets.xcassets; sourceTree = "<group>"; };
		ABFC7B342BC4F2C50075FDB1 /* Base */ = {isa = PBXFileReference; lastKnownFileType = file.storyboard; name = Base; path = Base.lproj/LaunchScreen.storyboard; sourceTree = "<group>"; };
		ABFC7B362BC4F2C50075FDB1 /* Info.plist */ = {isa = PBXFileReference; lastKnownFileType = text.plist.xml; path = Info.plist; sourceTree = "<group>"; };
		ABFC7B402BC511EB0075FDB1 /* RepoTableViewCell.swift */ = {isa = PBXFileReference; lastKnownFileType = sourcecode.swift; path = RepoTableViewCell.swift; sourceTree = "<group>"; };
		ABFC7B412BC511EB0075FDB1 /* RepoTableViewCell.xib */ = {isa = PBXFileReference; lastKnownFileType = file.xib; path = RepoTableViewCell.xib; sourceTree = "<group>"; };
		ABFC7B442BC518070075FDB1 /* Repo.swift */ = {isa = PBXFileReference; lastKnownFileType = sourcecode.swift; path = Repo.swift; sourceTree = "<group>"; };
/* End PBXFileReference section */

/* Begin PBXFrameworksBuildPhase section */
		ABFC7B222BC4F2C30075FDB1 /* Frameworks */ = {
			isa = PBXFrameworksBuildPhase;
			buildActionMask = 2147483647;
			files = (
			);
			runOnlyForDeploymentPostprocessing = 0;
		};
/* End PBXFrameworksBuildPhase section */

/* Begin PBXGroup section */
		ABFC7B1C2BC4F2C30075FDB1 = {
			isa = PBXGroup;
			children = (
				ABFC7B272BC4F2C30075FDB1 /* GitHubProfile */,
				ABFC7B262BC4F2C30075FDB1 /* Products */,
			);
			sourceTree = "<group>";
		};
		ABFC7B262BC4F2C30075FDB1 /* Products */ = {
			isa = PBXGroup;
			children = (
				ABFC7B252BC4F2C30075FDB1 /* GitHubProfile.app */,
			);
			name = Products;
			sourceTree = "<group>";
		};
		ABFC7B272BC4F2C30075FDB1 /* GitHubProfile */ = {
			isa = PBXGroup;
			children = (
				ABFC7B3C2BC503870075FDB1 /* Model */,
				ABFC7B3D2BC503900075FDB1 /* View */,
				ABFC7B3E2BC503990075FDB1 /* Controller */,
				ABFC7B282BC4F2C30075FDB1 /* AppDelegate.swift */,
				ABFC7B2A2BC4F2C30075FDB1 /* SceneDelegate.swift */,
				ABFC7B312BC4F2C50075FDB1 /* Assets.xcassets */,
				ABFC7B332BC4F2C50075FDB1 /* LaunchScreen.storyboard */,
				ABFC7B362BC4F2C50075FDB1 /* Info.plist */,
			);
			path = GitHubProfile;
			sourceTree = "<group>";
		};
		ABFC7B3C2BC503870075FDB1 /* Model */ = {
			isa = PBXGroup;
			children = (
				ABFC7B442BC518070075FDB1 /* Repo.swift */,
			);
			path = Model;
			sourceTree = "<group>";
		};
		ABFC7B3D2BC503900075FDB1 /* View */ = {
			isa = PBXGroup;
			children = (
				ABFC7B3F2BC503B10075FDB1 /* Cell */,
			);
			path = View;
			sourceTree = "<group>";
		};
		ABFC7B3E2BC503990075FDB1 /* Controller */ = {
			isa = PBXGroup;
			children = (
				ABFC7B2E2BC4F2C30075FDB1 /* Main.storyboard */,
				ABFC7B2C2BC4F2C30075FDB1 /* ViewController.swift */,
			);
			path = Controller;
			sourceTree = "<group>";
		};
		ABFC7B3F2BC503B10075FDB1 /* Cell */ = {
			isa = PBXGroup;
			children = (
				ABFC7B402BC511EB0075FDB1 /* RepoTableViewCell.swift */,
				ABFC7B412BC511EB0075FDB1 /* RepoTableViewCell.xib */,
			);
			path = Cell;
			sourceTree = "<group>";
		};
/* End PBXGroup section */

/* Begin PBXNativeTarget section */
		ABFC7B242BC4F2C30075FDB1 /* GitHubProfile */ = {
			isa = PBXNativeTarget;
			buildConfigurationList = ABFC7B392BC4F2C50075FDB1 /* Build configuration list for PBXNativeTarget "GitHubProfile" */;
			buildPhases = (
				ABFC7B212BC4F2C30075FDB1 /* Sources */,
				ABFC7B222BC4F2C30075FDB1 /* Frameworks */,
				ABFC7B232BC4F2C30075FDB1 /* Resources */,
			);
			buildRules = (
			);
			dependencies = (
			);
			name = GitHubProfile;
			productName = GitHubProfile;
			productReference = ABFC7B252BC4F2C30075FDB1 /* GitHubProfile.app */;
			productType = "com.apple.product-type.application";
		};
/* End PBXNativeTarget section */

/* Begin PBXProject section */
		ABFC7B1D2BC4F2C30075FDB1 /* Project object */ = {
			isa = PBXProject;
			attributes = {
				BuildIndependentTargetsInParallel = 1;
				LastSwiftUpdateCheck = 1530;
				LastUpgradeCheck = 1530;
				TargetAttributes = {
					ABFC7B242BC4F2C30075FDB1 = {
						CreatedOnToolsVersion = 15.3;
					};
				};
			};
			buildConfigurationList = ABFC7B202BC4F2C30075FDB1 /* Build configuration list for PBXProject "GitHubProfile" */;
			compatibilityVersion = "Xcode 14.0";
			developmentRegion = en;
			hasScannedForEncodings = 0;
			knownRegions = (
				en,
				Base,
			);
			mainGroup = ABFC7B1C2BC4F2C30075FDB1;
			productRefGroup = ABFC7B262BC4F2C30075FDB1 /* Products */;
			projectDirPath = "";
			projectRoot = "";
			targets = (
				ABFC7B242BC4F2C30075FDB1 /* GitHubProfile */,
			);
		};
/* End PBXProject section */

/* Begin PBXResourcesBuildPhase section */
		ABFC7B232BC4F2C30075FDB1 /* Resources */ = {
			isa = PBXResourcesBuildPhase;
			buildActionMask = 2147483647;
			files = (
				ABFC7B322BC4F2C50075FDB1 /* Assets.xcassets in Resources */,
				ABFC7B432BC511EB0075FDB1 /* RepoTableViewCell.xib in Resources */,
				ABFC7B352BC4F2C50075FDB1 /* Base in Resources */,
				ABFC7B302BC4F2C30075FDB1 /* Base in Resources */,
			);
			runOnlyForDeploymentPostprocessing = 0;
		};
/* End PBXResourcesBuildPhase section */

/* Begin PBXSourcesBuildPhase section */
		ABFC7B212BC4F2C30075FDB1 /* Sources */ = {
			isa = PBXSourcesBuildPhase;
			buildActionMask = 2147483647;
			files = (
				ABFC7B2D2BC4F2C30075FDB1 /* ViewController.swift in Sources */,
				ABFC7B422BC511EB0075FDB1 /* RepoTableViewCell.swift in Sources */,
				ABFC7B452BC518070075FDB1 /* Repo.swift in Sources */,
				ABFC7B292BC4F2C30075FDB1 /* AppDelegate.swift in Sources */,
				ABFC7B2B2BC4F2C30075FDB1 /* SceneDelegate.swift in Sources */,
			);
			runOnlyForDeploymentPostprocessing = 0;
		};
/* End PBXSourcesBuildPhase section */

/* Begin PBXVariantGroup section */
		ABFC7B2E2BC4F2C30075FDB1 /* Main.storyboard */ = {
			isa = PBXVariantGroup;
			children = (
				ABFC7B2F2BC4F2C30075FDB1 /* Base */,
			);
			name = Main.storyboard;
			sourceTree = "<group>";
		};
		ABFC7B332BC4F2C50075FDB1 /* LaunchScreen.storyboard */ = {
			isa = PBXVariantGroup;
			children = (
				ABFC7B342BC4F2C50075FDB1 /* Base */,
			);
			name = LaunchScreen.storyboard;
			sourceTree = "<group>";
		};
/* End PBXVariantGroup section */

/* Begin XCBuildConfiguration section */
		ABFC7B372BC4F2C50075FDB1 /* Debug */ = {
			isa = XCBuildConfiguration;
			buildSettings = {
				ALWAYS_SEARCH_USER_PATHS = NO;
				ASSETCATALOG_COMPILER_GENERATE_SWIFT_ASSET_SYMBOL_EXTENSIONS = YES;
				CLANG_ANALYZER_NONNULL = YES;
				CLANG_ANALYZER_NUMBER_OBJECT_CONVERSION = YES_AGGRESSIVE;
				CLANG_CXX_LANGUAGE_STANDARD = "gnu++20";
				CLANG_ENABLE_MODULES = YES;
				CLANG_ENABLE_OBJC_ARC = YES;
				CLANG_ENABLE_OBJC_WEAK = YES;
				CLANG_WARN_BLOCK_CAPTURE_AUTORELEASING = YES;
				CLANG_WARN_BOOL_CONVERSION = YES;
				CLANG_WARN_COMMA = YES;
				CLANG_WARN_CONSTANT_CONVERSION = YES;
				CLANG_WARN_DEPRECATED_OBJC_IMPLEMENTATIONS = YES;
				CLANG_WARN_DIRECT_OBJC_ISA_USAGE = YES_ERROR;
				CLANG_WARN_DOCUMENTATION_COMMENTS = YES;
				CLANG_WARN_EMPTY_BODY = YES;
				CLANG_WARN_ENUM_CONVERSION = YES;
				CLANG_WARN_INFINITE_RECURSION = YES;
				CLANG_WARN_INT_CONVERSION = YES;
				CLANG_WARN_NON_LITERAL_NULL_CONVERSION = YES;
				CLANG_WARN_OBJC_IMPLICIT_RETAIN_SELF = YES;
				CLANG_WARN_OBJC_LITERAL_CONVERSION = YES;
				CLANG_WARN_OBJC_ROOT_CLASS = YES_ERROR;
				CLANG_WARN_QUOTED_INCLUDE_IN_FRAMEWORK_HEADER = YES;
				CLANG_WARN_RANGE_LOOP_ANALYSIS = YES;
				CLANG_WARN_STRICT_PROTOTYPES = YES;
				CLANG_WARN_SUSPICIOUS_MOVE = YES;
				CLANG_WARN_UNGUARDED_AVAILABILITY = YES_AGGRESSIVE;
				CLANG_WARN_UNREACHABLE_CODE = YES;
				CLANG_WARN__DUPLICATE_METHOD_MATCH = YES;
				COPY_PHASE_STRIP = NO;
				DEBUG_INFORMATION_FORMAT = dwarf;
				ENABLE_STRICT_OBJC_MSGSEND = YES;
				ENABLE_TESTABILITY = YES;
				ENABLE_USER_SCRIPT_SANDBOXING = YES;
				GCC_C_LANGUAGE_STANDARD = gnu17;
				GCC_DYNAMIC_NO_PIC = NO;
				GCC_NO_COMMON_BLOCKS = YES;
				GCC_OPTIMIZATION_LEVEL = 0;
				GCC_PREPROCESSOR_DEFINITIONS = (
					"DEBUG=1",
					"$(inherited)",
				);
				GCC_WARN_64_TO_32_BIT_CONVERSION = YES;
				GCC_WARN_ABOUT_RETURN_TYPE = YES_ERROR;
				GCC_WARN_UNDECLARED_SELECTOR = YES;
				GCC_WARN_UNINITIALIZED_AUTOS = YES_AGGRESSIVE;
				GCC_WARN_UNUSED_FUNCTION = YES;
				GCC_WARN_UNUSED_VARIABLE = YES;
				IPHONEOS_DEPLOYMENT_TARGET = 17.4;
				LOCALIZATION_PREFERS_STRING_CATALOGS = YES;
				MTL_ENABLE_DEBUG_INFO = INCLUDE_SOURCE;
				MTL_FAST_MATH = YES;
				ONLY_ACTIVE_ARCH = YES;
				SDKROOT = iphoneos;
				SWIFT_ACTIVE_COMPILATION_CONDITIONS = "DEBUG $(inherited)";
				SWIFT_OPTIMIZATION_LEVEL = "-Onone";
			};
			name = Debug;
		};
		ABFC7B382BC4F2C50075FDB1 /* Release */ = {
			isa = XCBuildConfiguration;
			buildSettings = {
				ALWAYS_SEARCH_USER_PATHS = NO;
				ASSETCATALOG_COMPILER_GENERATE_SWIFT_ASSET_SYMBOL_EXTENSIONS = YES;
				CLANG_ANALYZER_NONNULL = YES;
				CLANG_ANALYZER_NUMBER_OBJECT_CONVERSION = YES_AGGRESSIVE;
				CLANG_CXX_LANGUAGE_STANDARD = "gnu++20";
				CLANG_ENABLE_MODULES = YES;
				CLANG_ENABLE_OBJC_ARC = YES;
				CLANG_ENABLE_OBJC_WEAK = YES;
				CLANG_WARN_BLOCK_CAPTURE_AUTORELEASING = YES;
				CLANG_WARN_BOOL_CONVERSION = YES;
				CLANG_WARN_COMMA = YES;
				CLANG_WARN_CONSTANT_CONVERSION = YES;
				CLANG_WARN_DEPRECATED_OBJC_IMPLEMENTATIONS = YES;
				CLANG_WARN_DIRECT_OBJC_ISA_USAGE = YES_ERROR;
				CLANG_WARN_DOCUMENTATION_COMMENTS = YES;
				CLANG_WARN_EMPTY_BODY = YES;
				CLANG_WARN_ENUM_CONVERSION = YES;
				CLANG_WARN_INFINITE_RECURSION = YES;
				CLANG_WARN_INT_CONVERSION = YES;
				CLANG_WARN_NON_LITERAL_NULL_CONVERSION = YES;
				CLANG_WARN_OBJC_IMPLICIT_RETAIN_SELF = YES;
				CLANG_WARN_OBJC_LITERAL_CONVERSION = YES;
				CLANG_WARN_OBJC_ROOT_CLASS = YES_ERROR;
				CLANG_WARN_QUOTED_INCLUDE_IN_FRAMEWORK_HEADER = YES;
				CLANG_WARN_RANGE_LOOP_ANALYSIS = YES;
				CLANG_WARN_STRICT_PROTOTYPES = YES;
				CLANG_WARN_SUSPICIOUS_MOVE = YES;
				CLANG_WARN_UNGUARDED_AVAILABILITY = YES_AGGRESSIVE;
				CLANG_WARN_UNREACHABLE_CODE = YES;
				CLANG_WARN__DUPLICATE_METHOD_MATCH = YES;
				COPY_PHASE_STRIP = NO;
				DEBUG_INFORMATION_FORMAT = "dwarf-with-dsym";
				ENABLE_NS_ASSERTIONS = NO;
				ENABLE_STRICT_OBJC_MSGSEND = YES;
				ENABLE_USER_SCRIPT_SANDBOXING = YES;
				GCC_C_LANGUAGE_STANDARD = gnu17;
				GCC_NO_COMMON_BLOCKS = YES;
				GCC_WARN_64_TO_32_BIT_CONVERSION = YES;
				GCC_WARN_ABOUT_RETURN_TYPE = YES_ERROR;
				GCC_WARN_UNDECLARED_SELECTOR = YES;
				GCC_WARN_UNINITIALIZED_AUTOS = YES_AGGRESSIVE;
				GCC_WARN_UNUSED_FUNCTION = YES;
				GCC_WARN_UNUSED_VARIABLE = YES;
				IPHONEOS_DEPLOYMENT_TARGET = 17.4;
				LOCALIZATION_PREFERS_STRING_CATALOGS = YES;
				MTL_ENABLE_DEBUG_INFO = NO;
				MTL_FAST_MATH = YES;
				SDKROOT = iphoneos;
				SWIFT_COMPILATION_MODE = wholemodule;
				VALIDATE_PRODUCT = YES;
			};
			name = Release;
		};
		ABFC7B3A2BC4F2C50075FDB1 /* Debug */ = {
			isa = XCBuildConfiguration;
			buildSettings = {
				ASSETCATALOG_COMPILER_APPICON_NAME = AppIcon;
				ASSETCATALOG_COMPILER_GLOBAL_ACCENT_COLOR_NAME = AccentColor;
				CODE_SIGN_STYLE = Automatic;
				CURRENT_PROJECT_VERSION = 1;
				DEVELOPMENT_TEAM = 6794YDXXFY;
				GENERATE_INFOPLIST_FILE = YES;
				INFOPLIST_FILE = GitHubProfile/Info.plist;
				INFOPLIST_KEY_UIApplicationSupportsIndirectInputEvents = YES;
				INFOPLIST_KEY_UILaunchStoryboardName = LaunchScreen;
				INFOPLIST_KEY_UIMainStoryboardFile = Main;
				INFOPLIST_KEY_UISupportedInterfaceOrientations_iPad = "UIInterfaceOrientationPortrait UIInterfaceOrientationPortraitUpsideDown UIInterfaceOrientationLandscapeLeft UIInterfaceOrientationLandscapeRight";
				INFOPLIST_KEY_UISupportedInterfaceOrientations_iPhone = "UIInterfaceOrientationPortrait UIInterfaceOrientationLandscapeLeft UIInterfaceOrientationLandscapeRight";
				LD_RUNPATH_SEARCH_PATHS = (
					"$(inherited)",
					"@executable_path/Frameworks",
				);
				MARKETING_VERSION = 1.0;
				PRODUCT_BUNDLE_IDENTIFIER = com.hee.GitHubProfile;
				PRODUCT_NAME = "$(TARGET_NAME)";
				SWIFT_EMIT_LOC_STRINGS = YES;
				SWIFT_VERSION = 5.0;
				TARGETED_DEVICE_FAMILY = "1,2";
			};
			name = Debug;
		};
		ABFC7B3B2BC4F2C50075FDB1 /* Release */ = {
			isa = XCBuildConfiguration;
			buildSettings = {
				ASSETCATALOG_COMPILER_APPICON_NAME = AppIcon;
				ASSETCATALOG_COMPILER_GLOBAL_ACCENT_COLOR_NAME = AccentColor;
				CODE_SIGN_STYLE = Automatic;
				CURRENT_PROJECT_VERSION = 1;
				DEVELOPMENT_TEAM = 6794YDXXFY;
				GENERATE_INFOPLIST_FILE = YES;
				INFOPLIST_FILE = GitHubProfile/Info.plist;
				INFOPLIST_KEY_UIApplicationSupportsIndirectInputEvents = YES;
				INFOPLIST_KEY_UILaunchStoryboardName = LaunchScreen;
				INFOPLIST_KEY_UIMainStoryboardFile = Main;
				INFOPLIST_KEY_UISupportedInterfaceOrientations_iPad = "UIInterfaceOrientationPortrait UIInterfaceOrientationPortraitUpsideDown UIInterfaceOrientationLandscapeLeft UIInterfaceOrientationLandscapeRight";
				INFOPLIST_KEY_UISupportedInterfaceOrientations_iPhone = "UIInterfaceOrientationPortrait UIInterfaceOrientationLandscapeLeft UIInterfaceOrientationLandscapeRight";
				LD_RUNPATH_SEARCH_PATHS = (
					"$(inherited)",
					"@executable_path/Frameworks",
				);
				MARKETING_VERSION = 1.0;
				PRODUCT_BUNDLE_IDENTIFIER = com.hee.GitHubProfile;
				PRODUCT_NAME = "$(TARGET_NAME)";
				SWIFT_EMIT_LOC_STRINGS = YES;
				SWIFT_VERSION = 5.0;
				TARGETED_DEVICE_FAMILY = "1,2";
			};
			name = Release;
		};
/* End XCBuildConfiguration section */

/* Begin XCConfigurationList section */
		ABFC7B202BC4F2C30075FDB1 /* Build configuration list for PBXProject "GitHubProfile" */ = {
			isa = XCConfigurationList;
			buildConfigurations = (
				ABFC7B372BC4F2C50075FDB1 /* Debug */,
				ABFC7B382BC4F2C50075FDB1 /* Release */,
			);
			defaultConfigurationIsVisible = 0;
			defaultConfigurationName = Release;
		};
		ABFC7B392BC4F2C50075FDB1 /* Build configuration list for PBXNativeTarget "GitHubProfile" */ = {
			isa = XCConfigurationList;
			buildConfigurations = (
				ABFC7B3A2BC4F2C50075FDB1 /* Debug */,
				ABFC7B3B2BC4F2C50075FDB1 /* Release */,
			);
			defaultConfigurationIsVisible = 0;
			defaultConfigurationName = Release;
		};
/* End XCConfigurationList section */
	};
	rootObject = ABFC7B1D2BC4F2C30075FDB1 /* Project object */;
}
